// !$*UTF8*$!
{
	archiveVersion = 1;
	classes = {
	};
	objectVersion = 55;
	objects = {

/* Begin PBXBuildFile section */
		9D12D3AE286F5BD30009018D /* AppDelegate.swift in Sources */ = {isa = PBXBuildFile; fileRef = 9D12D3AD286F5BD30009018D /* AppDelegate.swift */; };
		9D12D3B0286F5BD30009018D /* SceneDelegate.swift in Sources */ = {isa = PBXBuildFile; fileRef = 9D12D3AF286F5BD30009018D /* SceneDelegate.swift */; };
		9D12D3B5286F5BD30009018D /* Main.storyboard in Resources */ = {isa = PBXBuildFile; fileRef = 9D12D3B3286F5BD30009018D /* Main.storyboard */; };
		9D12D3B7286F5BD40009018D /* Assets.xcassets in Resources */ = {isa = PBXBuildFile; fileRef = 9D12D3B6286F5BD40009018D /* Assets.xcassets */; };
		9D12D3BA286F5BD40009018D /* LaunchScreen.storyboard in Resources */ = {isa = PBXBuildFile; fileRef = 9D12D3B8286F5BD40009018D /* LaunchScreen.storyboard */; };
		9D71B5BF2876205600100750 /* Hikes.storyboard in Resources */ = {isa = PBXBuildFile; fileRef = 9D71B5BD2876205600100750 /* Hikes.storyboard */; };
		9D71B5C12876209D00100750 /* Trails.storyboard in Resources */ = {isa = PBXBuildFile; fileRef = 9D71B5C02876209D00100750 /* Trails.storyboard */; };
		9D71B5C42877453400100750 /* myHikesView.storyboard in Resources */ = {isa = PBXBuildFile; fileRef = 9D71B5C22877453400100750 /* myHikesView.storyboard */; };
		9D71B5C7287748A500100750 /* MyHikesTableViewController.swift in Sources */ = {isa = PBXBuildFile; fileRef = 9D71B5C6287748A500100750 /* MyHikesTableViewController.swift */; };
		9D71B5C9287748D600100750 /* myHikesViewModel.swift in Sources */ = {isa = PBXBuildFile; fileRef = 9D71B5C8287748D600100750 /* myHikesViewModel.swift */; };
		9D71B5CD2877491100100750 /* myHikesDetail.storyboard in Resources */ = {isa = PBXBuildFile; fileRef = 9D71B5CB2877491100100750 /* myHikesDetail.storyboard */; };
		9D71B5CF2877494E00100750 /* myHikesDetailViewController.swift in Sources */ = {isa = PBXBuildFile; fileRef = 9D71B5CE2877494E00100750 /* myHikesDetailViewController.swift */; };
		9D71B5D12877496700100750 /* myHikesDetailViewModel.swift in Sources */ = {isa = PBXBuildFile; fileRef = 9D71B5D02877496700100750 /* myHikesDetailViewModel.swift */; };
		9D71B5D3287749CE00100750 /* trailsDetailView.storyboard in Resources */ = {isa = PBXBuildFile; fileRef = 9D71B5D2287749CE00100750 /* trailsDetailView.storyboard */; };
		9D71B5D6287749FD00100750 /* TrailsDetailViewController.swift in Sources */ = {isa = PBXBuildFile; fileRef = 9D71B5D5287749FD00100750 /* TrailsDetailViewController.swift */; };
		9D71B5D828774A1600100750 /* TrailDetailViewModel.swift in Sources */ = {isa = PBXBuildFile; fileRef = 9D71B5D728774A1600100750 /* TrailDetailViewModel.swift */; };
		9D71B5DB28774A8500100750 /* trailCreation.storyboard in Resources */ = {isa = PBXBuildFile; fileRef = 9D71B5DA28774A8500100750 /* trailCreation.storyboard */; };
		9D71B5DD28774AC100100750 /* TrailCreationViewController.swift in Sources */ = {isa = PBXBuildFile; fileRef = 9D71B5DC28774AC100100750 /* TrailCreationViewController.swift */; };
		9D71B5DF28774B0400100750 /* TrailCreationViewModel.swift in Sources */ = {isa = PBXBuildFile; fileRef = 9D71B5DE28774B0400100750 /* TrailCreationViewModel.swift */; };
		9D71B5E128774D4C00100750 /* trailTracking.storyboard in Resources */ = {isa = PBXBuildFile; fileRef = 9D71B5E028774D4C00100750 /* trailTracking.storyboard */; };
		9D71B5E428774DB300100750 /* CurrentTrailTrackingViewController.swift in Sources */ = {isa = PBXBuildFile; fileRef = 9D71B5E328774DB300100750 /* CurrentTrailTrackingViewController.swift */; };
		9D71B5E628774DD200100750 /* CurrentTrailTrackingViewModel.swift in Sources */ = {isa = PBXBuildFile; fileRef = 9D71B5E528774DD200100750 /* CurrentTrailTrackingViewModel.swift */; };
		9D71B5E92877627300100750 /* DateHelper.swift in Sources */ = {isa = PBXBuildFile; fileRef = 9D71B5E82877627300100750 /* DateHelper.swift */; };
		9D71B5ED287800B900100750 /* SignInScreen.storyboard in Resources */ = {isa = PBXBuildFile; fileRef = 9D71B5EB287800B900100750 /* SignInScreen.storyboard */; };
		9D71B5EF287800F000100750 /* SignInViewController.swift in Sources */ = {isa = PBXBuildFile; fileRef = 9D71B5EE287800F000100750 /* SignInViewController.swift */; };
		9D71B5F12878011B00100750 /* SignInViewModel.swift in Sources */ = {isa = PBXBuildFile; fileRef = 9D71B5F02878011B00100750 /* SignInViewModel.swift */; };
		9D71B5F42878015C00100750 /* CreateLogIn.storyboard in Resources */ = {isa = PBXBuildFile; fileRef = 9D71B5F22878015C00100750 /* CreateLogIn.storyboard */; };
		9D71B5F7287802C100100750 /* CreateLogInViewController.swift in Sources */ = {isa = PBXBuildFile; fileRef = 9D71B5F6287802C100100750 /* CreateLogInViewController.swift */; };
		9D71B5F9287802E100100750 /* CreateLogInViewModel.swift in Sources */ = {isa = PBXBuildFile; fileRef = 9D71B5F8287802E100100750 /* CreateLogInViewModel.swift */; };
		9D7FACF62870B27600C51B9E /* User.swift in Sources */ = {isa = PBXBuildFile; fileRef = 9D7FACF52870B27600C51B9E /* User.swift */; };
		9D7FACF82871011A00C51B9E /* Trail.swift in Sources */ = {isa = PBXBuildFile; fileRef = 9D7FACF72871011A00C51B9E /* Trail.swift */; };
		9D8BCAC528741CAE00F2B99A /* Hike.swift in Sources */ = {isa = PBXBuildFile; fileRef = 9D8BCAC428741CAE00F2B99A /* Hike.swift */; };
/* End PBXBuildFile section */

/* Begin PBXFileReference section */
		9D12D3AA286F5BD30009018D /* Summit.app */ = {isa = PBXFileReference; explicitFileType = wrapper.application; includeInIndex = 0; path = Summit.app; sourceTree = BUILT_PRODUCTS_DIR; };
		9D12D3AD286F5BD30009018D /* AppDelegate.swift */ = {isa = PBXFileReference; lastKnownFileType = sourcecode.swift; path = AppDelegate.swift; sourceTree = "<group>"; };
		9D12D3AF286F5BD30009018D /* SceneDelegate.swift */ = {isa = PBXFileReference; lastKnownFileType = sourcecode.swift; path = SceneDelegate.swift; sourceTree = "<group>"; };
		9D12D3B4286F5BD30009018D /* Base */ = {isa = PBXFileReference; lastKnownFileType = file.storyboard; name = Base; path = Base.lproj/Main.storyboard; sourceTree = "<group>"; };
		9D12D3B6286F5BD40009018D /* Assets.xcassets */ = {isa = PBXFileReference; lastKnownFileType = folder.assetcatalog; path = Assets.xcassets; sourceTree = "<group>"; };
		9D12D3B9286F5BD40009018D /* Base */ = {isa = PBXFileReference; lastKnownFileType = file.storyboard; name = Base; path = Base.lproj/LaunchScreen.storyboard; sourceTree = "<group>"; };
		9D12D3BB286F5BD40009018D /* Info.plist */ = {isa = PBXFileReference; lastKnownFileType = text.plist.xml; path = Info.plist; sourceTree = "<group>"; };
		9D71B5BE2876205600100750 /* Base */ = {isa = PBXFileReference; lastKnownFileType = file.storyboard; name = Base; path = Summit/Base.lproj/Hikes.storyboard; sourceTree = "<group>"; };
		9D71B5C02876209D00100750 /* Trails.storyboard */ = {isa = PBXFileReference; fileEncoding = 4; lastKnownFileType = file.storyboard; path = Trails.storyboard; sourceTree = "<group>"; };
		9D71B5C32877453400100750 /* Base */ = {isa = PBXFileReference; lastKnownFileType = file.storyboard; name = Base; path = Summit/Summit/Base.lproj/myHikesView.storyboard; sourceTree = "<group>"; };
		9D71B5C6287748A500100750 /* MyHikesTableViewController.swift */ = {isa = PBXFileReference; lastKnownFileType = sourcecode.swift; path = MyHikesTableViewController.swift; sourceTree = "<group>"; };
		9D71B5C8287748D600100750 /* myHikesViewModel.swift */ = {isa = PBXFileReference; lastKnownFileType = sourcecode.swift; path = myHikesViewModel.swift; sourceTree = "<group>"; };
		9D71B5CC2877491100100750 /* Base */ = {isa = PBXFileReference; lastKnownFileType = file.storyboard; name = Base; path = Summit/Summit/Base.lproj/myHikesDetail.storyboard; sourceTree = "<group>"; };
		9D71B5CE2877494E00100750 /* myHikesDetailViewController.swift */ = {isa = PBXFileReference; lastKnownFileType = sourcecode.swift; path = myHikesDetailViewController.swift; sourceTree = "<group>"; };
		9D71B5D02877496700100750 /* myHikesDetailViewModel.swift */ = {isa = PBXFileReference; lastKnownFileType = sourcecode.swift; path = myHikesDetailViewModel.swift; sourceTree = "<group>"; };
		9D71B5D2287749CE00100750 /* trailsDetailView.storyboard */ = {isa = PBXFileReference; fileEncoding = 4; lastKnownFileType = file.storyboard; path = trailsDetailView.storyboard; sourceTree = "<group>"; };
		9D71B5D5287749FD00100750 /* TrailsDetailViewController.swift */ = {isa = PBXFileReference; lastKnownFileType = sourcecode.swift; path = TrailsDetailViewController.swift; sourceTree = "<group>"; };
		9D71B5D728774A1600100750 /* TrailDetailViewModel.swift */ = {isa = PBXFileReference; lastKnownFileType = sourcecode.swift; path = TrailDetailViewModel.swift; sourceTree = "<group>"; };
		9D71B5DA28774A8500100750 /* trailCreation.storyboard */ = {isa = PBXFileReference; fileEncoding = 4; lastKnownFileType = file.storyboard; path = trailCreation.storyboard; sourceTree = "<group>"; };
		9D71B5DC28774AC100100750 /* TrailCreationViewController.swift */ = {isa = PBXFileReference; lastKnownFileType = sourcecode.swift; path = TrailCreationViewController.swift; sourceTree = "<group>"; };
		9D71B5DE28774B0400100750 /* TrailCreationViewModel.swift */ = {isa = PBXFileReference; lastKnownFileType = sourcecode.swift; path = TrailCreationViewModel.swift; sourceTree = "<group>"; };
		9D71B5E028774D4C00100750 /* trailTracking.storyboard */ = {isa = PBXFileReference; fileEncoding = 4; lastKnownFileType = file.storyboard; path = trailTracking.storyboard; sourceTree = "<group>"; };
		9D71B5E328774DB300100750 /* CurrentTrailTrackingViewController.swift */ = {isa = PBXFileReference; lastKnownFileType = sourcecode.swift; path = CurrentTrailTrackingViewController.swift; sourceTree = "<group>"; };
		9D71B5E528774DD200100750 /* CurrentTrailTrackingViewModel.swift */ = {isa = PBXFileReference; lastKnownFileType = sourcecode.swift; path = CurrentTrailTrackingViewModel.swift; sourceTree = "<group>"; };
		9D71B5E82877627300100750 /* DateHelper.swift */ = {isa = PBXFileReference; lastKnownFileType = sourcecode.swift; path = DateHelper.swift; sourceTree = "<group>"; };
		9D71B5EC287800B900100750 /* Base */ = {isa = PBXFileReference; lastKnownFileType = file.storyboard; name = Base; path = Summit/Base.lproj/SignInScreen.storyboard; sourceTree = "<group>"; };
		9D71B5EE287800F000100750 /* SignInViewController.swift */ = {isa = PBXFileReference; lastKnownFileType = sourcecode.swift; path = SignInViewController.swift; sourceTree = "<group>"; };
		9D71B5F02878011B00100750 /* SignInViewModel.swift */ = {isa = PBXFileReference; lastKnownFileType = sourcecode.swift; path = SignInViewModel.swift; sourceTree = "<group>"; };
		9D71B5F32878015C00100750 /* Base */ = {isa = PBXFileReference; lastKnownFileType = file.storyboard; name = Base; path = Summit/Base.lproj/CreateLogIn.storyboard; sourceTree = "<group>"; };
		9D71B5F6287802C100100750 /* CreateLogInViewController.swift */ = {isa = PBXFileReference; lastKnownFileType = sourcecode.swift; path = CreateLogInViewController.swift; sourceTree = "<group>"; };
		9D71B5F8287802E100100750 /* CreateLogInViewModel.swift */ = {isa = PBXFileReference; lastKnownFileType = sourcecode.swift; path = CreateLogInViewModel.swift; sourceTree = "<group>"; };
		9D7FACF52870B27600C51B9E /* User.swift */ = {isa = PBXFileReference; lastKnownFileType = sourcecode.swift; path = User.swift; sourceTree = "<group>"; };
		9D7FACF72871011A00C51B9E /* Trail.swift */ = {isa = PBXFileReference; lastKnownFileType = sourcecode.swift; path = Trail.swift; sourceTree = "<group>"; };
		9D8BCAC428741CAE00F2B99A /* Hike.swift */ = {isa = PBXFileReference; lastKnownFileType = sourcecode.swift; path = Hike.swift; sourceTree = "<group>"; };
/* End PBXFileReference section */

/* Begin PBXFrameworksBuildPhase section */
		9D12D3A7286F5BD30009018D /* Frameworks */ = {
			isa = PBXFrameworksBuildPhase;
			buildActionMask = 2147483647;
			files = (
			);
			runOnlyForDeploymentPostprocessing = 0;
		};
/* End PBXFrameworksBuildPhase section */

/* Begin PBXGroup section */
		9D12D3A1286F5BD30009018D = {
			isa = PBXGroup;
			children = (
				9D12D3AC286F5BD30009018D /* Summit */,
				9D12D3AB286F5BD30009018D /* Products */,
			);
			sourceTree = "<group>";
		};
		9D12D3AB286F5BD30009018D /* Products */ = {
			isa = PBXGroup;
			children = (
				9D12D3AA286F5BD30009018D /* Summit.app */,
			);
			name = Products;
			sourceTree = "<group>";
		};
		9D12D3AC286F5BD30009018D /* Summit */ = {
			isa = PBXGroup;
			children = (
				9D71B5E72877625500100750 /* Helper Files */,
				9DEC7ED62872858300D2D0A6 /* Views */,
				9D7FACF12870B22800C51B9E /* Models */,
				9D12D3C1286F5BDC0009018D /* Resources */,
				9D12D3B3286F5BD30009018D /* Main.storyboard */,
				9D71B5BD2876205600100750 /* Hikes.storyboard */,
				9D71B5C02876209D00100750 /* Trails.storyboard */,
				9D12D3B8286F5BD40009018D /* LaunchScreen.storyboard */,
			);
			path = Summit;
			sourceTree = "<group>";
		};
		9D12D3C1286F5BDC0009018D /* Resources */ = {
			isa = PBXGroup;
			children = (
				9D12D3AD286F5BD30009018D /* AppDelegate.swift */,
				9D12D3AF286F5BD30009018D /* SceneDelegate.swift */,
				9D12D3B6286F5BD40009018D /* Assets.xcassets */,
				9D12D3BB286F5BD40009018D /* Info.plist */,
			);
			path = Resources;
			sourceTree = "<group>";
		};
		9D71B5C52877454900100750 /* MyHikesView */ = {
			isa = PBXGroup;
			children = (
				9D71B5C22877453400100750 /* myHikesView.storyboard */,
				9D71B5C6287748A500100750 /* MyHikesTableViewController.swift */,
				9D71B5C8287748D600100750 /* myHikesViewModel.swift */,
			);
			path = MyHikesView;
			sourceTree = "<group>";
		};
		9D71B5CA287748E700100750 /* MyHikesDetailView */ = {
			isa = PBXGroup;
			children = (
				9D71B5CB2877491100100750 /* myHikesDetail.storyboard */,
				9D71B5CE2877494E00100750 /* myHikesDetailViewController.swift */,
				9D71B5D02877496700100750 /* myHikesDetailViewModel.swift */,
			);
			path = MyHikesDetailView;
			sourceTree = "<group>";
		};
		9D71B5D4287749D900100750 /* TrailDetailView */ = {
			isa = PBXGroup;
			children = (
				9D71B5D2287749CE00100750 /* trailsDetailView.storyboard */,
				9D71B5D5287749FD00100750 /* TrailsDetailViewController.swift */,
				9D71B5D728774A1600100750 /* TrailDetailViewModel.swift */,
			);
			path = TrailDetailView;
			sourceTree = "<group>";
		};
		9D71B5D928774A1C00100750 /* TrailCreationView */ = {
			isa = PBXGroup;
			children = (
				9D71B5DA28774A8500100750 /* trailCreation.storyboard */,
				9D71B5DC28774AC100100750 /* TrailCreationViewController.swift */,
				9D71B5DE28774B0400100750 /* TrailCreationViewModel.swift */,
			);
			path = TrailCreationView;
			sourceTree = "<group>";
		};
		9D71B5E228774D6000100750 /* CurrentTrailDetail */ = {
			isa = PBXGroup;
			children = (
				9D71B5E028774D4C00100750 /* trailTracking.storyboard */,
				9D71B5E328774DB300100750 /* CurrentTrailTrackingViewController.swift */,
				9D71B5E528774DD200100750 /* CurrentTrailTrackingViewModel.swift */,
			);
			path = CurrentTrailDetail;
			sourceTree = "<group>";
		};
		9D71B5E72877625500100750 /* Helper Files */ = {
			isa = PBXGroup;
			children = (
				9D71B5E82877627300100750 /* DateHelper.swift */,
			);
			path = "Helper Files";
			sourceTree = "<group>";
		};
		9D71B5EA2878006100100750 /* LaunchScreenSignIn */ = {
			isa = PBXGroup;
			children = (
				9D71B5EB287800B900100750 /* SignInScreen.storyboard */,
				9D71B5EE287800F000100750 /* SignInViewController.swift */,
				9D71B5F02878011B00100750 /* SignInViewModel.swift */,
			);
			path = LaunchScreenSignIn;
			sourceTree = "<group>";
		};
		9D71B5F52878025500100750 /* CreateLogIn */ = {
			isa = PBXGroup;
			children = (
				9D71B5F22878015C00100750 /* CreateLogIn.storyboard */,
				9D71B5F6287802C100100750 /* CreateLogInViewController.swift */,
				9D71B5F8287802E100100750 /* CreateLogInViewModel.swift */,
			);
			path = CreateLogIn;
			sourceTree = "<group>";
		};
		9D7FACF12870B22800C51B9E /* Models */ = {
			isa = PBXGroup;
			children = (
				9D7FACF42870B25600C51B9E /* Hike */,
				9D7FACF32870B24D00C51B9E /* Trail */,
				9D7FACF22870B24500C51B9E /* User */,
			);
			path = Models;
			sourceTree = "<group>";
		};
		9D7FACF22870B24500C51B9E /* User */ = {
			isa = PBXGroup;
			children = (
				9D7FACF52870B27600C51B9E /* User.swift */,
			);
			path = User;
			sourceTree = "<group>";
		};
		9D7FACF32870B24D00C51B9E /* Trail */ = {
			isa = PBXGroup;
			children = (
				9D7FACF72871011A00C51B9E /* Trail.swift */,
			);
			path = Trail;
			sourceTree = "<group>";
		};
		9D7FACF42870B25600C51B9E /* Hike */ = {
			isa = PBXGroup;
			children = (
				9D8BCAC428741CAE00F2B99A /* Hike.swift */,
			);
			path = Hike;
			sourceTree = "<group>";
		};
		9DEC7ED62872858300D2D0A6 /* Views */ = {
			isa = PBXGroup;
			children = (
				9DEC7EDA2872864D00D2D0A6 /* SignInView */,
				9DEC7ED9287285FF00D2D0A6 /* CellView */,
				9DEC7ED8287285EE00D2D0A6 /* HikeView */,
				9DEC7ED72872858C00D2D0A6 /* TrailView */,
			);
			path = Views;
			sourceTree = "<group>";
		};
		9DEC7ED72872858C00D2D0A6 /* TrailView */ = {
			isa = PBXGroup;
			children = (
				9D71B5E228774D6000100750 /* CurrentTrailDetail */,
				9D71B5D928774A1C00100750 /* TrailCreationView */,
				9D71B5D4287749D900100750 /* TrailDetailView */,
			);
			path = TrailView;
			sourceTree = "<group>";
		};
		9DEC7ED8287285EE00D2D0A6 /* HikeView */ = {
			isa = PBXGroup;
			children = (
				9D71B5CA287748E700100750 /* MyHikesDetailView */,
				9D71B5C52877454900100750 /* MyHikesView */,
			);
			path = HikeView;
			sourceTree = "<group>";
		};
		9DEC7ED9287285FF00D2D0A6 /* CellView */ = {
			isa = PBXGroup;
			children = (
			);
			path = CellView;
			sourceTree = "<group>";
		};
		9DEC7EDA2872864D00D2D0A6 /* SignInView */ = {
			isa = PBXGroup;
			children = (
				9D71B5F52878025500100750 /* CreateLogIn */,
				9D71B5EA2878006100100750 /* LaunchScreenSignIn */,
			);
			path = SignInView;
			sourceTree = "<group>";
		};
/* End PBXGroup section */

/* Begin PBXNativeTarget section */
		9D12D3A9286F5BD30009018D /* Summit */ = {
			isa = PBXNativeTarget;
			buildConfigurationList = 9D12D3BE286F5BD40009018D /* Build configuration list for PBXNativeTarget "Summit" */;
			buildPhases = (
				9D12D3A6286F5BD30009018D /* Sources */,
				9D12D3A7286F5BD30009018D /* Frameworks */,
				9D12D3A8286F5BD30009018D /* Resources */,
			);
			buildRules = (
			);
			dependencies = (
			);
			name = Summit;
			productName = Summit;
			productReference = 9D12D3AA286F5BD30009018D /* Summit.app */;
			productType = "com.apple.product-type.application";
		};
/* End PBXNativeTarget section */

/* Begin PBXProject section */
		9D12D3A2286F5BD30009018D /* Project object */ = {
			isa = PBXProject;
			attributes = {
				BuildIndependentTargetsInParallel = 1;
				LastSwiftUpdateCheck = 1320;
				LastUpgradeCheck = 1320;
				TargetAttributes = {
					9D12D3A9286F5BD30009018D = {
						CreatedOnToolsVersion = 13.2.1;
					};
				};
			};
			buildConfigurationList = 9D12D3A5286F5BD30009018D /* Build configuration list for PBXProject "Summit" */;
			compatibilityVersion = "Xcode 13.0";
			developmentRegion = en;
			hasScannedForEncodings = 0;
			knownRegions = (
				en,
				Base,
			);
			mainGroup = 9D12D3A1286F5BD30009018D;
			productRefGroup = 9D12D3AB286F5BD30009018D /* Products */;
			projectDirPath = "";
			projectRoot = "";
			targets = (
				9D12D3A9286F5BD30009018D /* Summit */,
			);
		};
/* End PBXProject section */

/* Begin PBXResourcesBuildPhase section */
		9D12D3A8286F5BD30009018D /* Resources */ = {
			isa = PBXResourcesBuildPhase;
			buildActionMask = 2147483647;
			files = (
				9D12D3BA286F5BD40009018D /* LaunchScreen.storyboard in Resources */,
				9D71B5BF2876205600100750 /* Hikes.storyboard in Resources */,
				9D71B5F42878015C00100750 /* CreateLogIn.storyboard in Resources */,
				9D71B5C42877453400100750 /* myHikesView.storyboard in Resources */,
				9D12D3B7286F5BD40009018D /* Assets.xcassets in Resources */,
				9D71B5DB28774A8500100750 /* trailCreation.storyboard in Resources */,
				9D71B5CD2877491100100750 /* myHikesDetail.storyboard in Resources */,
				9D71B5ED287800B900100750 /* SignInScreen.storyboard in Resources */,
				9D71B5E128774D4C00100750 /* trailTracking.storyboard in Resources */,
				9D12D3B5286F5BD30009018D /* Main.storyboard in Resources */,
				9D71B5C12876209D00100750 /* Trails.storyboard in Resources */,
				9D71B5D3287749CE00100750 /* trailsDetailView.storyboard in Resources */,
			);
			runOnlyForDeploymentPostprocessing = 0;
		};
/* End PBXResourcesBuildPhase section */

/* Begin PBXSourcesBuildPhase section */
		9D12D3A6286F5BD30009018D /* Sources */ = {
			isa = PBXSourcesBuildPhase;
			buildActionMask = 2147483647;
			files = (
				9D71B5DD28774AC100100750 /* TrailCreationViewController.swift in Sources */,
				9D71B5F7287802C100100750 /* CreateLogInViewController.swift in Sources */,
				9D71B5F12878011B00100750 /* SignInViewModel.swift in Sources */,
				9D71B5D828774A1600100750 /* TrailDetailViewModel.swift in Sources */,
				9D8BCAC528741CAE00F2B99A /* Hike.swift in Sources */,
				9D12D3AE286F5BD30009018D /* AppDelegate.swift in Sources */,
				9D71B5E428774DB300100750 /* CurrentTrailTrackingViewController.swift in Sources */,
				9D71B5CF2877494E00100750 /* myHikesDetailViewController.swift in Sources */,
				9D71B5D12877496700100750 /* myHikesDetailViewModel.swift in Sources */,
				9D71B5EF287800F000100750 /* SignInViewController.swift in Sources */,
				9D7FACF62870B27600C51B9E /* User.swift in Sources */,
				9D7FACF82871011A00C51B9E /* Trail.swift in Sources */,
				9D71B5E92877627300100750 /* DateHelper.swift in Sources */,
				9D12D3B0286F5BD30009018D /* SceneDelegate.swift in Sources */,
				9D71B5C7287748A500100750 /* MyHikesTableViewController.swift in Sources */,
				9D71B5DF28774B0400100750 /* TrailCreationViewModel.swift in Sources */,
				9D71B5D6287749FD00100750 /* TrailsDetailViewController.swift in Sources */,
				9D71B5C9287748D600100750 /* myHikesViewModel.swift in Sources */,
				9D71B5F9287802E100100750 /* CreateLogInViewModel.swift in Sources */,
				9D71B5E628774DD200100750 /* CurrentTrailTrackingViewModel.swift in Sources */,
			);
			runOnlyForDeploymentPostprocessing = 0;
		};
/* End PBXSourcesBuildPhase section */

/* Begin PBXVariantGroup section */
		9D12D3B3286F5BD30009018D /* Main.storyboard */ = {
			isa = PBXVariantGroup;
			children = (
				9D12D3B4286F5BD30009018D /* Base */,
			);
			name = Main.storyboard;
			sourceTree = "<group>";
		};
		9D12D3B8286F5BD40009018D /* LaunchScreen.storyboard */ = {
			isa = PBXVariantGroup;
			children = (
				9D12D3B9286F5BD40009018D /* Base */,
			);
			name = LaunchScreen.storyboard;
			sourceTree = "<group>";
		};
		9D71B5BD2876205600100750 /* Hikes.storyboard */ = {
			isa = PBXVariantGroup;
			children = (
				9D71B5BE2876205600100750 /* Base */,
			);
			name = Hikes.storyboard;
			sourceTree = "<group>";
		};
		9D71B5C22877453400100750 /* myHikesView.storyboard */ = {
			isa = PBXVariantGroup;
			children = (
				9D71B5C32877453400100750 /* Base */,
			);
			name = myHikesView.storyboard;
			sourceTree = "<group>";
		};
		9D71B5CB2877491100100750 /* myHikesDetail.storyboard */ = {
			isa = PBXVariantGroup;
			children = (
				9D71B5CC2877491100100750 /* Base */,
			);
			name = myHikesDetail.storyboard;
			sourceTree = "<group>";
		};
		9D71B5EB287800B900100750 /* SignInScreen.storyboard */ = {
			isa = PBXVariantGroup;
			children = (
				9D71B5EC287800B900100750 /* Base */,
			);
			name = SignInScreen.storyboard;
			sourceTree = "<group>";
		};
		9D71B5F22878015C00100750 /* CreateLogIn.storyboard */ = {
			isa = PBXVariantGroup;
			children = (
				9D71B5F32878015C00100750 /* Base */,
			);
			name = CreateLogIn.storyboard;
			sourceTree = "<group>";
		};
/* End PBXVariantGroup section */

/* Begin XCBuildConfiguration section */
		9D12D3BC286F5BD40009018D /* Debug */ = {
			isa = XCBuildConfiguration;
			buildSettings = {
				ALWAYS_SEARCH_USER_PATHS = NO;
				CLANG_ANALYZER_NONNULL = YES;
				CLANG_ANALYZER_NUMBER_OBJECT_CONVERSION = YES_AGGRESSIVE;
				CLANG_CXX_LANGUAGE_STANDARD = "gnu++17";
				CLANG_CXX_LIBRARY = "libc++";
				CLANG_ENABLE_MODULES = YES;
				CLANG_ENABLE_OBJC_ARC = YES;
				CLANG_ENABLE_OBJC_WEAK = YES;
				CLANG_WARN_BLOCK_CAPTURE_AUTORELEASING = YES;
				CLANG_WARN_BOOL_CONVERSION = YES;
				CLANG_WARN_COMMA = YES;
				CLANG_WARN_CONSTANT_CONVERSION = YES;
				CLANG_WARN_DEPRECATED_OBJC_IMPLEMENTATIONS = YES;
				CLANG_WARN_DIRECT_OBJC_ISA_USAGE = YES_ERROR;
				CLANG_WARN_DOCUMENTATION_COMMENTS = YES;
				CLANG_WARN_EMPTY_BODY = YES;
				CLANG_WARN_ENUM_CONVERSION = YES;
				CLANG_WARN_INFINITE_RECURSION = YES;
				CLANG_WARN_INT_CONVERSION = YES;
				CLANG_WARN_NON_LITERAL_NULL_CONVERSION = YES;
				CLANG_WARN_OBJC_IMPLICIT_RETAIN_SELF = YES;
				CLANG_WARN_OBJC_LITERAL_CONVERSION = YES;
				CLANG_WARN_OBJC_ROOT_CLASS = YES_ERROR;
				CLANG_WARN_QUOTED_INCLUDE_IN_FRAMEWORK_HEADER = YES;
				CLANG_WARN_RANGE_LOOP_ANALYSIS = YES;
				CLANG_WARN_STRICT_PROTOTYPES = YES;
				CLANG_WARN_SUSPICIOUS_MOVE = YES;
				CLANG_WARN_UNGUARDED_AVAILABILITY = YES_AGGRESSIVE;
				CLANG_WARN_UNREACHABLE_CODE = YES;
				CLANG_WARN__DUPLICATE_METHOD_MATCH = YES;
				COPY_PHASE_STRIP = NO;
				DEBUG_INFORMATION_FORMAT = dwarf;
				ENABLE_STRICT_OBJC_MSGSEND = YES;
				ENABLE_TESTABILITY = YES;
				GCC_C_LANGUAGE_STANDARD = gnu11;
				GCC_DYNAMIC_NO_PIC = NO;
				GCC_NO_COMMON_BLOCKS = YES;
				GCC_OPTIMIZATION_LEVEL = 0;
				GCC_PREPROCESSOR_DEFINITIONS = (
					"DEBUG=1",
					"$(inherited)",
				);
				GCC_WARN_64_TO_32_BIT_CONVERSION = YES;
				GCC_WARN_ABOUT_RETURN_TYPE = YES_ERROR;
				GCC_WARN_UNDECLARED_SELECTOR = YES;
				GCC_WARN_UNINITIALIZED_AUTOS = YES_AGGRESSIVE;
				GCC_WARN_UNUSED_FUNCTION = YES;
				GCC_WARN_UNUSED_VARIABLE = YES;
				IPHONEOS_DEPLOYMENT_TARGET = 15.2;
				MTL_ENABLE_DEBUG_INFO = INCLUDE_SOURCE;
				MTL_FAST_MATH = YES;
				ONLY_ACTIVE_ARCH = YES;
				SDKROOT = iphoneos;
				SWIFT_ACTIVE_COMPILATION_CONDITIONS = DEBUG;
				SWIFT_OPTIMIZATION_LEVEL = "-Onone";
			};
			name = Debug;
		};
		9D12D3BD286F5BD40009018D /* Release */ = {
			isa = XCBuildConfiguration;
			buildSettings = {
				ALWAYS_SEARCH_USER_PATHS = NO;
				CLANG_ANALYZER_NONNULL = YES;
				CLANG_ANALYZER_NUMBER_OBJECT_CONVERSION = YES_AGGRESSIVE;
				CLANG_CXX_LANGUAGE_STANDARD = "gnu++17";
				CLANG_CXX_LIBRARY = "libc++";
				CLANG_ENABLE_MODULES = YES;
				CLANG_ENABLE_OBJC_ARC = YES;
				CLANG_ENABLE_OBJC_WEAK = YES;
				CLANG_WARN_BLOCK_CAPTURE_AUTORELEASING = YES;
				CLANG_WARN_BOOL_CONVERSION = YES;
				CLANG_WARN_COMMA = YES;
				CLANG_WARN_CONSTANT_CONVERSION = YES;
				CLANG_WARN_DEPRECATED_OBJC_IMPLEMENTATIONS = YES;
				CLANG_WARN_DIRECT_OBJC_ISA_USAGE = YES_ERROR;
				CLANG_WARN_DOCUMENTATION_COMMENTS = YES;
				CLANG_WARN_EMPTY_BODY = YES;
				CLANG_WARN_ENUM_CONVERSION = YES;
				CLANG_WARN_INFINITE_RECURSION = YES;
				CLANG_WARN_INT_CONVERSION = YES;
				CLANG_WARN_NON_LITERAL_NULL_CONVERSION = YES;
				CLANG_WARN_OBJC_IMPLICIT_RETAIN_SELF = YES;
				CLANG_WARN_OBJC_LITERAL_CONVERSION = YES;
				CLANG_WARN_OBJC_ROOT_CLASS = YES_ERROR;
				CLANG_WARN_QUOTED_INCLUDE_IN_FRAMEWORK_HEADER = YES;
				CLANG_WARN_RANGE_LOOP_ANALYSIS = YES;
				CLANG_WARN_STRICT_PROTOTYPES = YES;
				CLANG_WARN_SUSPICIOUS_MOVE = YES;
				CLANG_WARN_UNGUARDED_AVAILABILITY = YES_AGGRESSIVE;
				CLANG_WARN_UNREACHABLE_CODE = YES;
				CLANG_WARN__DUPLICATE_METHOD_MATCH = YES;
				COPY_PHASE_STRIP = NO;
				DEBUG_INFORMATION_FORMAT = "dwarf-with-dsym";
				ENABLE_NS_ASSERTIONS = NO;
				ENABLE_STRICT_OBJC_MSGSEND = YES;
				GCC_C_LANGUAGE_STANDARD = gnu11;
				GCC_NO_COMMON_BLOCKS = YES;
				GCC_WARN_64_TO_32_BIT_CONVERSION = YES;
				GCC_WARN_ABOUT_RETURN_TYPE = YES_ERROR;
				GCC_WARN_UNDECLARED_SELECTOR = YES;
				GCC_WARN_UNINITIALIZED_AUTOS = YES_AGGRESSIVE;
				GCC_WARN_UNUSED_FUNCTION = YES;
				GCC_WARN_UNUSED_VARIABLE = YES;
				IPHONEOS_DEPLOYMENT_TARGET = 15.2;
				MTL_ENABLE_DEBUG_INFO = NO;
				MTL_FAST_MATH = YES;
				SDKROOT = iphoneos;
				SWIFT_COMPILATION_MODE = wholemodule;
				SWIFT_OPTIMIZATION_LEVEL = "-O";
				VALIDATE_PRODUCT = YES;
			};
			name = Release;
		};
		9D12D3BF286F5BD40009018D /* Debug */ = {
			isa = XCBuildConfiguration;
			buildSettings = {
				ASSETCATALOG_COMPILER_APPICON_NAME = AppIcon;
				ASSETCATALOG_COMPILER_GLOBAL_ACCENT_COLOR_NAME = AccentColor;
				CODE_SIGN_STYLE = Automatic;
				CURRENT_PROJECT_VERSION = 1;
				DEVELOPMENT_TEAM = RFDDACS7L9;
				GENERATE_INFOPLIST_FILE = YES;
				INFOPLIST_FILE = Summit/Resources/Info.plist;
				INFOPLIST_KEY_UIApplicationSupportsIndirectInputEvents = YES;
				INFOPLIST_KEY_UILaunchStoryboardName = LaunchScreen;
				INFOPLIST_KEY_UIMainStoryboardFile = Main;
				INFOPLIST_KEY_UISupportedInterfaceOrientations_iPad = "UIInterfaceOrientationPortrait UIInterfaceOrientationPortraitUpsideDown UIInterfaceOrientationLandscapeLeft UIInterfaceOrientationLandscapeRight";
				INFOPLIST_KEY_UISupportedInterfaceOrientations_iPhone = "UIInterfaceOrientationPortrait UIInterfaceOrientationLandscapeLeft UIInterfaceOrientationLandscapeRight";
				LD_RUNPATH_SEARCH_PATHS = (
					"$(inherited)",
					"@executable_path/Frameworks",
				);
				MARKETING_VERSION = 1.0;
				PRODUCT_BUNDLE_IDENTIFIER = Zay.Summit;
				PRODUCT_NAME = "$(TARGET_NAME)";
				SWIFT_EMIT_LOC_STRINGS = YES;
				SWIFT_VERSION = 5.0;
				TARGETED_DEVICE_FAMILY = "1,2";
			};
			name = Debug;
		};
		9D12D3C0286F5BD40009018D /* Release */ = {
			isa = XCBuildConfiguration;
			buildSettings = {
				ASSETCATALOG_COMPILER_APPICON_NAME = AppIcon;
				ASSETCATALOG_COMPILER_GLOBAL_ACCENT_COLOR_NAME = AccentColor;
				CODE_SIGN_STYLE = Automatic;
				CURRENT_PROJECT_VERSION = 1;
				DEVELOPMENT_TEAM = RFDDACS7L9;
				GENERATE_INFOPLIST_FILE = YES;
				INFOPLIST_FILE = Summit/Resources/Info.plist;
				INFOPLIST_KEY_UIApplicationSupportsIndirectInputEvents = YES;
				INFOPLIST_KEY_UILaunchStoryboardName = LaunchScreen;
				INFOPLIST_KEY_UIMainStoryboardFile = Main;
				INFOPLIST_KEY_UISupportedInterfaceOrientations_iPad = "UIInterfaceOrientationPortrait UIInterfaceOrientationPortraitUpsideDown UIInterfaceOrientationLandscapeLeft UIInterfaceOrientationLandscapeRight";
				INFOPLIST_KEY_UISupportedInterfaceOrientations_iPhone = "UIInterfaceOrientationPortrait UIInterfaceOrientationLandscapeLeft UIInterfaceOrientationLandscapeRight";
				LD_RUNPATH_SEARCH_PATHS = (
					"$(inherited)",
					"@executable_path/Frameworks",
				);
				MARKETING_VERSION = 1.0;
				PRODUCT_BUNDLE_IDENTIFIER = Zay.Summit;
				PRODUCT_NAME = "$(TARGET_NAME)";
				SWIFT_EMIT_LOC_STRINGS = YES;
				SWIFT_VERSION = 5.0;
				TARGETED_DEVICE_FAMILY = "1,2";
			};
			name = Release;
		};
/* End XCBuildConfiguration section */

/* Begin XCConfigurationList section */
		9D12D3A5286F5BD30009018D /* Build configuration list for PBXProject "Summit" */ = {
			isa = XCConfigurationList;
			buildConfigurations = (
				9D12D3BC286F5BD40009018D /* Debug */,
				9D12D3BD286F5BD40009018D /* Release */,
			);
			defaultConfigurationIsVisible = 0;
			defaultConfigurationName = Release;
		};
		9D12D3BE286F5BD40009018D /* Build configuration list for PBXNativeTarget "Summit" */ = {
			isa = XCConfigurationList;
			buildConfigurations = (
				9D12D3BF286F5BD40009018D /* Debug */,
				9D12D3C0286F5BD40009018D /* Release */,
			);
			defaultConfigurationIsVisible = 0;
			defaultConfigurationName = Release;
		};
/* End XCConfigurationList section */
	};
	rootObject = 9D12D3A2286F5BD30009018D /* Project object */;
}
